// !$*UTF8*$!
{
	archiveVersion = 1;
	classes = {
	};
	objectVersion = 56;
	objects = {

/* Begin PBXBuildFile section */
		FBD35AC52AE7EA09004638AE /* PaybackTestApp.swift in Sources */ = {isa = PBXBuildFile; fileRef = FBD35AC42AE7EA09004638AE /* PaybackTestApp.swift */; };
		FBD35AC72AE7EA09004638AE /* ContentView.swift in Sources */ = {isa = PBXBuildFile; fileRef = FBD35AC62AE7EA09004638AE /* ContentView.swift */; };
		FBD35AC92AE7EA0A004638AE /* Assets.xcassets in Resources */ = {isa = PBXBuildFile; fileRef = FBD35AC82AE7EA0A004638AE /* Assets.xcassets */; };
		FBD35ACC2AE7EA0A004638AE /* Preview Assets.xcassets in Resources */ = {isa = PBXBuildFile; fileRef = FBD35ACB2AE7EA0A004638AE /* Preview Assets.xcassets */; };
		FBD35AD62AE7EA0A004638AE /* PaybackTestTests.swift in Sources */ = {isa = PBXBuildFile; fileRef = FBD35AD52AE7EA0A004638AE /* PaybackTestTests.swift */; };
		FBD35AE02AE7EA0A004638AE /* PaybackTestUITests.swift in Sources */ = {isa = PBXBuildFile; fileRef = FBD35ADF2AE7EA0A004638AE /* PaybackTestUITests.swift */; };
		FBD35AE22AE7EA0A004638AE /* PaybackTestUITestsLaunchTests.swift in Sources */ = {isa = PBXBuildFile; fileRef = FBD35AE12AE7EA0A004638AE /* PaybackTestUITestsLaunchTests.swift */; };
		FBD35AF02AE7EC62004638AE /* ComposableArchitecture in Frameworks */ = {isa = PBXBuildFile; productRef = FBD35AEF2AE7EC62004638AE /* ComposableArchitecture */; };
		FBD35AF22AE7EC89004638AE /* PBTransactions.json in Resources */ = {isa = PBXBuildFile; fileRef = FBD35AF12AE7EC89004638AE /* PBTransactions.json */; };
		FBD35AF72AE7ECE3004638AE /* Transaction.swift in Sources */ = {isa = PBXBuildFile; fileRef = FBD35AF62AE7ECE3004638AE /* Transaction.swift */; };
		FBD35AF92AE7EE21004638AE /* TransactionsListFeature.swift in Sources */ = {isa = PBXBuildFile; fileRef = FBD35AF82AE7EE21004638AE /* TransactionsListFeature.swift */; };
		FBD35AFB2AE7EE57004638AE /* TransactionsDetailFeature.swift in Sources */ = {isa = PBXBuildFile; fileRef = FBD35AFA2AE7EE57004638AE /* TransactionsDetailFeature.swift */; };
		FBD35AFE2AE7F003004638AE /* TransactionsService.swift in Sources */ = {isa = PBXBuildFile; fileRef = FBD35AFD2AE7F003004638AE /* TransactionsService.swift */; };
		FBD35B012AE7F5CD004638AE /* TransactionsView.swift in Sources */ = {isa = PBXBuildFile; fileRef = FBD35B002AE7F5CD004638AE /* TransactionsView.swift */; };
		FBD35B032AE7F62B004638AE /* TransactionRow.swift in Sources */ = {isa = PBXBuildFile; fileRef = FBD35B022AE7F62B004638AE /* TransactionRow.swift */; };
		FBD35B062AE7FC29004638AE /* TransactionsDetailView.swift in Sources */ = {isa = PBXBuildFile; fileRef = FBD35B052AE7FC29004638AE /* TransactionsDetailView.swift */; };
/* End PBXBuildFile section */

/* Begin PBXContainerItemProxy section */
		FBD35AD22AE7EA0A004638AE /* PBXContainerItemProxy */ = {
			isa = PBXContainerItemProxy;
			containerPortal = FBD35AB92AE7EA09004638AE /* Project object */;
			proxyType = 1;
			remoteGlobalIDString = FBD35AC02AE7EA09004638AE;
			remoteInfo = PaybackTest;
		};
		FBD35ADC2AE7EA0A004638AE /* PBXContainerItemProxy */ = {
			isa = PBXContainerItemProxy;
			containerPortal = FBD35AB92AE7EA09004638AE /* Project object */;
			proxyType = 1;
			remoteGlobalIDString = FBD35AC02AE7EA09004638AE;
			remoteInfo = PaybackTest;
		};
/* End PBXContainerItemProxy section */

/* Begin PBXFileReference section */
		FBD35AC12AE7EA09004638AE /* PaybackTest.app */ = {isa = PBXFileReference; explicitFileType = wrapper.application; includeInIndex = 0; path = PaybackTest.app; sourceTree = BUILT_PRODUCTS_DIR; };
		FBD35AC42AE7EA09004638AE /* PaybackTestApp.swift */ = {isa = PBXFileReference; lastKnownFileType = sourcecode.swift; path = PaybackTestApp.swift; sourceTree = "<group>"; };
		FBD35AC62AE7EA09004638AE /* ContentView.swift */ = {isa = PBXFileReference; lastKnownFileType = sourcecode.swift; path = ContentView.swift; sourceTree = "<group>"; };
		FBD35AC82AE7EA0A004638AE /* Assets.xcassets */ = {isa = PBXFileReference; lastKnownFileType = folder.assetcatalog; path = Assets.xcassets; sourceTree = "<group>"; };
		FBD35ACB2AE7EA0A004638AE /* Preview Assets.xcassets */ = {isa = PBXFileReference; lastKnownFileType = folder.assetcatalog; path = "Preview Assets.xcassets"; sourceTree = "<group>"; };
		FBD35AD12AE7EA0A004638AE /* PaybackTestTests.xctest */ = {isa = PBXFileReference; explicitFileType = wrapper.cfbundle; includeInIndex = 0; path = PaybackTestTests.xctest; sourceTree = BUILT_PRODUCTS_DIR; };
		FBD35AD52AE7EA0A004638AE /* PaybackTestTests.swift */ = {isa = PBXFileReference; lastKnownFileType = sourcecode.swift; path = PaybackTestTests.swift; sourceTree = "<group>"; };
		FBD35ADB2AE7EA0A004638AE /* PaybackTestUITests.xctest */ = {isa = PBXFileReference; explicitFileType = wrapper.cfbundle; includeInIndex = 0; path = PaybackTestUITests.xctest; sourceTree = BUILT_PRODUCTS_DIR; };
		FBD35ADF2AE7EA0A004638AE /* PaybackTestUITests.swift */ = {isa = PBXFileReference; lastKnownFileType = sourcecode.swift; path = PaybackTestUITests.swift; sourceTree = "<group>"; };
		FBD35AE12AE7EA0A004638AE /* PaybackTestUITestsLaunchTests.swift */ = {isa = PBXFileReference; lastKnownFileType = sourcecode.swift; path = PaybackTestUITestsLaunchTests.swift; sourceTree = "<group>"; };
		FBD35AF12AE7EC89004638AE /* PBTransactions.json */ = {isa = PBXFileReference; fileEncoding = 4; lastKnownFileType = text.json; path = PBTransactions.json; sourceTree = "<group>"; };
		FBD35AF62AE7ECE3004638AE /* Transaction.swift */ = {isa = PBXFileReference; lastKnownFileType = sourcecode.swift; path = Transaction.swift; sourceTree = "<group>"; };
		FBD35AF82AE7EE21004638AE /* TransactionsListFeature.swift */ = {isa = PBXFileReference; lastKnownFileType = sourcecode.swift; path = TransactionsListFeature.swift; sourceTree = "<group>"; };
		FBD35AFA2AE7EE57004638AE /* TransactionsDetailFeature.swift */ = {isa = PBXFileReference; lastKnownFileType = sourcecode.swift; path = TransactionsDetailFeature.swift; sourceTree = "<group>"; };
		FBD35AFD2AE7F003004638AE /* TransactionsService.swift */ = {isa = PBXFileReference; lastKnownFileType = sourcecode.swift; path = TransactionsService.swift; sourceTree = "<group>"; };
		FBD35B002AE7F5CD004638AE /* TransactionsView.swift */ = {isa = PBXFileReference; lastKnownFileType = sourcecode.swift; path = TransactionsView.swift; sourceTree = "<group>"; };
		FBD35B022AE7F62B004638AE /* TransactionRow.swift */ = {isa = PBXFileReference; lastKnownFileType = sourcecode.swift; path = TransactionRow.swift; sourceTree = "<group>"; };
		FBD35B052AE7FC29004638AE /* TransactionsDetailView.swift */ = {isa = PBXFileReference; lastKnownFileType = sourcecode.swift; path = TransactionsDetailView.swift; sourceTree = "<group>"; };
/* End PBXFileReference section */

/* Begin PBXFrameworksBuildPhase section */
		FBD35ABE2AE7EA09004638AE /* Frameworks */ = {
			isa = PBXFrameworksBuildPhase;
			buildActionMask = 2147483647;
			files = (
				FBD35AF02AE7EC62004638AE /* ComposableArchitecture in Frameworks */,
			);
			runOnlyForDeploymentPostprocessing = 0;
		};
		FBD35ACE2AE7EA0A004638AE /* Frameworks */ = {
			isa = PBXFrameworksBuildPhase;
			buildActionMask = 2147483647;
			files = (
			);
			runOnlyForDeploymentPostprocessing = 0;
		};
		FBD35AD82AE7EA0A004638AE /* Frameworks */ = {
			isa = PBXFrameworksBuildPhase;
			buildActionMask = 2147483647;
			files = (
			);
			runOnlyForDeploymentPostprocessing = 0;
		};
/* End PBXFrameworksBuildPhase section */

/* Begin PBXGroup section */
		FBD35AB82AE7EA09004638AE = {
			isa = PBXGroup;
			children = (
				FBD35AC32AE7EA09004638AE /* PaybackTest */,
				FBD35AD42AE7EA0A004638AE /* PaybackTestTests */,
				FBD35ADE2AE7EA0A004638AE /* PaybackTestUITests */,
				FBD35AC22AE7EA09004638AE /* Products */,
			);
			sourceTree = "<group>";
		};
		FBD35AC22AE7EA09004638AE /* Products */ = {
			isa = PBXGroup;
			children = (
				FBD35AC12AE7EA09004638AE /* PaybackTest.app */,
				FBD35AD12AE7EA0A004638AE /* PaybackTestTests.xctest */,
				FBD35ADB2AE7EA0A004638AE /* PaybackTestUITests.xctest */,
			);
			name = Products;
			sourceTree = "<group>";
		};
		FBD35AC32AE7EA09004638AE /* PaybackTest */ = {
			isa = PBXGroup;
			children = (
				FBD35AFC2AE7EFEF004638AE /* Service */,
				FBD35AF52AE7ECD8004638AE /* Feature */,
				FBD35AF42AE7ECD1004638AE /* View */,
				FBD35AF32AE7ECC8004638AE /* Domain */,
				FBD35AF12AE7EC89004638AE /* PBTransactions.json */,
				FBD35AC42AE7EA09004638AE /* PaybackTestApp.swift */,
				FBD35AC62AE7EA09004638AE /* ContentView.swift */,
				FBD35AC82AE7EA0A004638AE /* Assets.xcassets */,
				FBD35ACA2AE7EA0A004638AE /* Preview Content */,
			);
			path = PaybackTest;
			sourceTree = "<group>";
		};
		FBD35ACA2AE7EA0A004638AE /* Preview Content */ = {
			isa = PBXGroup;
			children = (
				FBD35ACB2AE7EA0A004638AE /* Preview Assets.xcassets */,
			);
			path = "Preview Content";
			sourceTree = "<group>";
		};
		FBD35AD42AE7EA0A004638AE /* PaybackTestTests */ = {
			isa = PBXGroup;
			children = (
				FBD35AD52AE7EA0A004638AE /* PaybackTestTests.swift */,
			);
			path = PaybackTestTests;
			sourceTree = "<group>";
		};
		FBD35ADE2AE7EA0A004638AE /* PaybackTestUITests */ = {
			isa = PBXGroup;
			children = (
				FBD35ADF2AE7EA0A004638AE /* PaybackTestUITests.swift */,
				FBD35AE12AE7EA0A004638AE /* PaybackTestUITestsLaunchTests.swift */,
			);
			path = PaybackTestUITests;
			sourceTree = "<group>";
		};
		FBD35AF32AE7ECC8004638AE /* Domain */ = {
			isa = PBXGroup;
			children = (
				FBD35AF62AE7ECE3004638AE /* Transaction.swift */,
			);
			path = Domain;
			sourceTree = "<group>";
		};
		FBD35AF42AE7ECD1004638AE /* View */ = {
			isa = PBXGroup;
			children = (
				FBD35B042AE7FC1C004638AE /* TransactionsDetailView */,
				FBD35AFF2AE7F5A8004638AE /* TransactionsView */,
			);
			path = View;
			sourceTree = "<group>";
		};
		FBD35AF52AE7ECD8004638AE /* Feature */ = {
			isa = PBXGroup;
			children = (
				FBD35AF82AE7EE21004638AE /* TransactionsListFeature.swift */,
				FBD35AFA2AE7EE57004638AE /* TransactionsDetailFeature.swift */,
			);
			path = Feature;
			sourceTree = "<group>";
		};
		FBD35AFC2AE7EFEF004638AE /* Service */ = {
			isa = PBXGroup;
			children = (
				FBD35AFD2AE7F003004638AE /* TransactionsService.swift */,
			);
			path = Service;
			sourceTree = "<group>";
		};
		FBD35AFF2AE7F5A8004638AE /* TransactionsView */ = {
			isa = PBXGroup;
			children = (
				FBD35B002AE7F5CD004638AE /* TransactionsView.swift */,
				FBD35B022AE7F62B004638AE /* TransactionRow.swift */,
			);
			path = TransactionsView;
			sourceTree = "<group>";
		};
		FBD35B042AE7FC1C004638AE /* TransactionsDetailView */ = {
			isa = PBXGroup;
			children = (
				FBD35B052AE7FC29004638AE /* TransactionsDetailView.swift */,
			);
			path = TransactionsDetailView;
			sourceTree = "<group>";
		};
/* End PBXGroup section */

/* Begin PBXNativeTarget section */
		FBD35AC02AE7EA09004638AE /* PaybackTest */ = {
			isa = PBXNativeTarget;
			buildConfigurationList = FBD35AE52AE7EA0A004638AE /* Build configuration list for PBXNativeTarget "PaybackTest" */;
			buildPhases = (
				FBD35ABD2AE7EA09004638AE /* Sources */,
				FBD35ABE2AE7EA09004638AE /* Frameworks */,
				FBD35ABF2AE7EA09004638AE /* Resources */,
			);
			buildRules = (
			);
			dependencies = (
			);
			name = PaybackTest;
			packageProductDependencies = (
				FBD35AEF2AE7EC62004638AE /* ComposableArchitecture */,
			);
			productName = PaybackTest;
			productReference = FBD35AC12AE7EA09004638AE /* PaybackTest.app */;
			productType = "com.apple.product-type.application";
		};
		FBD35AD02AE7EA0A004638AE /* PaybackTestTests */ = {
			isa = PBXNativeTarget;
			buildConfigurationList = FBD35AE82AE7EA0A004638AE /* Build configuration list for PBXNativeTarget "PaybackTestTests" */;
			buildPhases = (
				FBD35ACD2AE7EA0A004638AE /* Sources */,
				FBD35ACE2AE7EA0A004638AE /* Frameworks */,
				FBD35ACF2AE7EA0A004638AE /* Resources */,
			);
			buildRules = (
			);
			dependencies = (
				FBD35AD32AE7EA0A004638AE /* PBXTargetDependency */,
			);
			name = PaybackTestTests;
			productName = PaybackTestTests;
			productReference = FBD35AD12AE7EA0A004638AE /* PaybackTestTests.xctest */;
			productType = "com.apple.product-type.bundle.unit-test";
		};
		FBD35ADA2AE7EA0A004638AE /* PaybackTestUITests */ = {
			isa = PBXNativeTarget;
			buildConfigurationList = FBD35AEB2AE7EA0A004638AE /* Build configuration list for PBXNativeTarget "PaybackTestUITests" */;
			buildPhases = (
				FBD35AD72AE7EA0A004638AE /* Sources */,
				FBD35AD82AE7EA0A004638AE /* Frameworks */,
				FBD35AD92AE7EA0A004638AE /* Resources */,
			);
			buildRules = (
			);
			dependencies = (
				FBD35ADD2AE7EA0A004638AE /* PBXTargetDependency */,
			);
			name = PaybackTestUITests;
			productName = PaybackTestUITests;
			productReference = FBD35ADB2AE7EA0A004638AE /* PaybackTestUITests.xctest */;
			productType = "com.apple.product-type.bundle.ui-testing";
		};
/* End PBXNativeTarget section */

/* Begin PBXProject section */
		FBD35AB92AE7EA09004638AE /* Project object */ = {
			isa = PBXProject;
			attributes = {
				BuildIndependentTargetsInParallel = 1;
				LastSwiftUpdateCheck = 1500;
				LastUpgradeCheck = 1500;
				TargetAttributes = {
					FBD35AC02AE7EA09004638AE = {
						CreatedOnToolsVersion = 15.0.1;
					};
					FBD35AD02AE7EA0A004638AE = {
						CreatedOnToolsVersion = 15.0.1;
						TestTargetID = FBD35AC02AE7EA09004638AE;
					};
					FBD35ADA2AE7EA0A004638AE = {
						CreatedOnToolsVersion = 15.0.1;
						TestTargetID = FBD35AC02AE7EA09004638AE;
					};
				};
			};
			buildConfigurationList = FBD35ABC2AE7EA09004638AE /* Build configuration list for PBXProject "PaybackTest" */;
			compatibilityVersion = "Xcode 14.0";
			developmentRegion = en;
			hasScannedForEncodings = 0;
			knownRegions = (
				en,
				Base,
			);
			mainGroup = FBD35AB82AE7EA09004638AE;
			packageReferences = (
				FBD35AEE2AE7EC62004638AE /* XCRemoteSwiftPackageReference "swift-composable-architecture" */,
			);
			productRefGroup = FBD35AC22AE7EA09004638AE /* Products */;
			projectDirPath = "";
			projectRoot = "";
			targets = (
				FBD35AC02AE7EA09004638AE /* PaybackTest */,
				FBD35AD02AE7EA0A004638AE /* PaybackTestTests */,
				FBD35ADA2AE7EA0A004638AE /* PaybackTestUITests */,
			);
		};
/* End PBXProject section */

/* Begin PBXResourcesBuildPhase section */
		FBD35ABF2AE7EA09004638AE /* Resources */ = {
			isa = PBXResourcesBuildPhase;
			buildActionMask = 2147483647;
			files = (
				FBD35ACC2AE7EA0A004638AE /* Preview Assets.xcassets in Resources */,
				FBD35AF22AE7EC89004638AE /* PBTransactions.json in Resources */,
				FBD35AC92AE7EA0A004638AE /* Assets.xcassets in Resources */,
			);
			runOnlyForDeploymentPostprocessing = 0;
		};
		FBD35ACF2AE7EA0A004638AE /* Resources */ = {
			isa = PBXResourcesBuildPhase;
			buildActionMask = 2147483647;
			files = (
			);
			runOnlyForDeploymentPostprocessing = 0;
		};
		FBD35AD92AE7EA0A004638AE /* Resources */ = {
			isa = PBXResourcesBuildPhase;
			buildActionMask = 2147483647;
			files = (
			);
			runOnlyForDeploymentPostprocessing = 0;
		};
/* End PBXResourcesBuildPhase section */

/* Begin PBXSourcesBuildPhase section */
		FBD35ABD2AE7EA09004638AE /* Sources */ = {
			isa = PBXSourcesBuildPhase;
			buildActionMask = 2147483647;
			files = (
				FBD35AC72AE7EA09004638AE /* ContentView.swift in Sources */,
				FBD35AF92AE7EE21004638AE /* TransactionsListFeature.swift in Sources */,
				FBD35AC52AE7EA09004638AE /* PaybackTestApp.swift in Sources */,
				FBD35AF72AE7ECE3004638AE /* Transaction.swift in Sources */,
				FBD35B062AE7FC29004638AE /* TransactionsDetailView.swift in Sources */,
				FBD35AFE2AE7F003004638AE /* TransactionsService.swift in Sources */,
				FBD35B032AE7F62B004638AE /* TransactionRow.swift in Sources */,
				FBD35AFB2AE7EE57004638AE /* TransactionsDetailFeature.swift in Sources */,
				FBD35B012AE7F5CD004638AE /* TransactionsView.swift in Sources */,
			);
			runOnlyForDeploymentPostprocessing = 0;
		};
		FBD35ACD2AE7EA0A004638AE /* Sources */ = {
			isa = PBXSourcesBuildPhase;
			buildActionMask = 2147483647;
			files = (
				FBD35AD62AE7EA0A004638AE /* PaybackTestTests.swift in Sources */,
			);
			runOnlyForDeploymentPostprocessing = 0;
		};
		FBD35AD72AE7EA0A004638AE /* Sources */ = {
			isa = PBXSourcesBuildPhase;
			buildActionMask = 2147483647;
			files = (
				FBD35AE22AE7EA0A004638AE /* PaybackTestUITestsLaunchTests.swift in Sources */,
				FBD35AE02AE7EA0A004638AE /* PaybackTestUITests.swift in Sources */,
			);
			runOnlyForDeploymentPostprocessing = 0;
		};
/* End PBXSourcesBuildPhase section */

/* Begin PBXTargetDependency section */
		FBD35AD32AE7EA0A004638AE /* PBXTargetDependency */ = {
			isa = PBXTargetDependency;
			target = FBD35AC02AE7EA09004638AE /* PaybackTest */;
			targetProxy = FBD35AD22AE7EA0A004638AE /* PBXContainerItemProxy */;
		};
		FBD35ADD2AE7EA0A004638AE /* PBXTargetDependency */ = {
			isa = PBXTargetDependency;
			target = FBD35AC02AE7EA09004638AE /* PaybackTest */;
			targetProxy = FBD35ADC2AE7EA0A004638AE /* PBXContainerItemProxy */;
		};
/* End PBXTargetDependency section */

/* Begin XCBuildConfiguration section */
		FBD35AE32AE7EA0A004638AE /* Debug */ = {
			isa = XCBuildConfiguration;
			buildSettings = {
				ALWAYS_SEARCH_USER_PATHS = NO;
				ASSETCATALOG_COMPILER_GENERATE_SWIFT_ASSET_SYMBOL_EXTENSIONS = YES;
				CLANG_ANALYZER_NONNULL = YES;
				CLANG_ANALYZER_NUMBER_OBJECT_CONVERSION = YES_AGGRESSIVE;
				CLANG_CXX_LANGUAGE_STANDARD = "gnu++20";
				CLANG_ENABLE_MODULES = YES;
				CLANG_ENABLE_OBJC_ARC = YES;
				CLANG_ENABLE_OBJC_WEAK = YES;
				CLANG_WARN_BLOCK_CAPTURE_AUTORELEASING = YES;
				CLANG_WARN_BOOL_CONVERSION = YES;
				CLANG_WARN_COMMA = YES;
				CLANG_WARN_CONSTANT_CONVERSION = YES;
				CLANG_WARN_DEPRECATED_OBJC_IMPLEMENTATIONS = YES;
				CLANG_WARN_DIRECT_OBJC_ISA_USAGE = YES_ERROR;
				CLANG_WARN_DOCUMENTATION_COMMENTS = YES;
				CLANG_WARN_EMPTY_BODY = YES;
				CLANG_WARN_ENUM_CONVERSION = YES;
				CLANG_WARN_INFINITE_RECURSION = YES;
				CLANG_WARN_INT_CONVERSION = YES;
				CLANG_WARN_NON_LITERAL_NULL_CONVERSION = YES;
				CLANG_WARN_OBJC_IMPLICIT_RETAIN_SELF = YES;
				CLANG_WARN_OBJC_LITERAL_CONVERSION = YES;
				CLANG_WARN_OBJC_ROOT_CLASS = YES_ERROR;
				CLANG_WARN_QUOTED_INCLUDE_IN_FRAMEWORK_HEADER = YES;
				CLANG_WARN_RANGE_LOOP_ANALYSIS = YES;
				CLANG_WARN_STRICT_PROTOTYPES = YES;
				CLANG_WARN_SUSPICIOUS_MOVE = YES;
				CLANG_WARN_UNGUARDED_AVAILABILITY = YES_AGGRESSIVE;
				CLANG_WARN_UNREACHABLE_CODE = YES;
				CLANG_WARN__DUPLICATE_METHOD_MATCH = YES;
				COPY_PHASE_STRIP = NO;
				DEBUG_INFORMATION_FORMAT = dwarf;
				ENABLE_STRICT_OBJC_MSGSEND = YES;
				ENABLE_TESTABILITY = YES;
				ENABLE_USER_SCRIPT_SANDBOXING = YES;
				GCC_C_LANGUAGE_STANDARD = gnu17;
				GCC_DYNAMIC_NO_PIC = NO;
				GCC_NO_COMMON_BLOCKS = YES;
				GCC_OPTIMIZATION_LEVEL = 0;
				GCC_PREPROCESSOR_DEFINITIONS = (
					"DEBUG=1",
					"$(inherited)",
				);
				GCC_WARN_64_TO_32_BIT_CONVERSION = YES;
				GCC_WARN_ABOUT_RETURN_TYPE = YES_ERROR;
				GCC_WARN_UNDECLARED_SELECTOR = YES;
				GCC_WARN_UNINITIALIZED_AUTOS = YES_AGGRESSIVE;
				GCC_WARN_UNUSED_FUNCTION = YES;
				GCC_WARN_UNUSED_VARIABLE = YES;
				IPHONEOS_DEPLOYMENT_TARGET = 17.0;
				LOCALIZATION_PREFERS_STRING_CATALOGS = YES;
				MTL_ENABLE_DEBUG_INFO = INCLUDE_SOURCE;
				MTL_FAST_MATH = YES;
				ONLY_ACTIVE_ARCH = YES;
				SDKROOT = iphoneos;
				SWIFT_ACTIVE_COMPILATION_CONDITIONS = "DEBUG $(inherited)";
				SWIFT_OPTIMIZATION_LEVEL = "-Onone";
			};
			name = Debug;
		};
		FBD35AE42AE7EA0A004638AE /* Release */ = {
			isa = XCBuildConfiguration;
			buildSettings = {
				ALWAYS_SEARCH_USER_PATHS = NO;
				ASSETCATALOG_COMPILER_GENERATE_SWIFT_ASSET_SYMBOL_EXTENSIONS = YES;
				CLANG_ANALYZER_NONNULL = YES;
				CLANG_ANALYZER_NUMBER_OBJECT_CONVERSION = YES_AGGRESSIVE;
				CLANG_CXX_LANGUAGE_STANDARD = "gnu++20";
				CLANG_ENABLE_MODULES = YES;
				CLANG_ENABLE_OBJC_ARC = YES;
				CLANG_ENABLE_OBJC_WEAK = YES;
				CLANG_WARN_BLOCK_CAPTURE_AUTORELEASING = YES;
				CLANG_WARN_BOOL_CONVERSION = YES;
				CLANG_WARN_COMMA = YES;
				CLANG_WARN_CONSTANT_CONVERSION = YES;
				CLANG_WARN_DEPRECATED_OBJC_IMPLEMENTATIONS = YES;
				CLANG_WARN_DIRECT_OBJC_ISA_USAGE = YES_ERROR;
				CLANG_WARN_DOCUMENTATION_COMMENTS = YES;
				CLANG_WARN_EMPTY_BODY = YES;
				CLANG_WARN_ENUM_CONVERSION = YES;
				CLANG_WARN_INFINITE_RECURSION = YES;
				CLANG_WARN_INT_CONVERSION = YES;
				CLANG_WARN_NON_LITERAL_NULL_CONVERSION = YES;
				CLANG_WARN_OBJC_IMPLICIT_RETAIN_SELF = YES;
				CLANG_WARN_OBJC_LITERAL_CONVERSION = YES;
				CLANG_WARN_OBJC_ROOT_CLASS = YES_ERROR;
				CLANG_WARN_QUOTED_INCLUDE_IN_FRAMEWORK_HEADER = YES;
				CLANG_WARN_RANGE_LOOP_ANALYSIS = YES;
				CLANG_WARN_STRICT_PROTOTYPES = YES;
				CLANG_WARN_SUSPICIOUS_MOVE = YES;
				CLANG_WARN_UNGUARDED_AVAILABILITY = YES_AGGRESSIVE;
				CLANG_WARN_UNREACHABLE_CODE = YES;
				CLANG_WARN__DUPLICATE_METHOD_MATCH = YES;
				COPY_PHASE_STRIP = NO;
				DEBUG_INFORMATION_FORMAT = "dwarf-with-dsym";
				ENABLE_NS_ASSERTIONS = NO;
				ENABLE_STRICT_OBJC_MSGSEND = YES;
				ENABLE_USER_SCRIPT_SANDBOXING = YES;
				GCC_C_LANGUAGE_STANDARD = gnu17;
				GCC_NO_COMMON_BLOCKS = YES;
				GCC_WARN_64_TO_32_BIT_CONVERSION = YES;
				GCC_WARN_ABOUT_RETURN_TYPE = YES_ERROR;
				GCC_WARN_UNDECLARED_SELECTOR = YES;
				GCC_WARN_UNINITIALIZED_AUTOS = YES_AGGRESSIVE;
				GCC_WARN_UNUSED_FUNCTION = YES;
				GCC_WARN_UNUSED_VARIABLE = YES;
				IPHONEOS_DEPLOYMENT_TARGET = 17.0;
				LOCALIZATION_PREFERS_STRING_CATALOGS = YES;
				MTL_ENABLE_DEBUG_INFO = NO;
				MTL_FAST_MATH = YES;
				SDKROOT = iphoneos;
				SWIFT_COMPILATION_MODE = wholemodule;
				VALIDATE_PRODUCT = YES;
			};
			name = Release;
		};
		FBD35AE62AE7EA0A004638AE /* Debug */ = {
			isa = XCBuildConfiguration;
			buildSettings = {
				ASSETCATALOG_COMPILER_APPICON_NAME = AppIcon;
				ASSETCATALOG_COMPILER_GLOBAL_ACCENT_COLOR_NAME = AccentColor;
				CODE_SIGN_STYLE = Automatic;
				CURRENT_PROJECT_VERSION = 1;
				DEVELOPMENT_ASSET_PATHS = "\"PaybackTest/Preview Content\"";
				DEVELOPMENT_TEAM = 3PJX8UJTF8;
				ENABLE_PREVIEWS = YES;
				GENERATE_INFOPLIST_FILE = YES;
				INFOPLIST_KEY_UIApplicationSceneManifest_Generation = YES;
				INFOPLIST_KEY_UIApplicationSupportsIndirectInputEvents = YES;
				INFOPLIST_KEY_UILaunchScreen_Generation = YES;
				INFOPLIST_KEY_UISupportedInterfaceOrientations_iPad = "UIInterfaceOrientationPortrait UIInterfaceOrientationPortraitUpsideDown UIInterfaceOrientationLandscapeLeft UIInterfaceOrientationLandscapeRight";
				INFOPLIST_KEY_UISupportedInterfaceOrientations_iPhone = "UIInterfaceOrientationPortrait UIInterfaceOrientationLandscapeLeft UIInterfaceOrientationLandscapeRight";
				LD_RUNPATH_SEARCH_PATHS = (
					"$(inherited)",
					"@executable_path/Frameworks",
				);
				MARKETING_VERSION = 1.0;
				PRODUCT_BUNDLE_IDENTIFIER = com.PaybackTest;
				PRODUCT_NAME = "$(TARGET_NAME)";
				SWIFT_EMIT_LOC_STRINGS = YES;
				SWIFT_VERSION = 5.0;
				TARGETED_DEVICE_FAMILY = "1,2";
			};
			name = Debug;
		};
		FBD35AE72AE7EA0A004638AE /* Release */ = {
			isa = XCBuildConfiguration;
			buildSettings = {
				ASSETCATALOG_COMPILER_APPICON_NAME = AppIcon;
				ASSETCATALOG_COMPILER_GLOBAL_ACCENT_COLOR_NAME = AccentColor;
				CODE_SIGN_STYLE = Automatic;
				CURRENT_PROJECT_VERSION = 1;
				DEVELOPMENT_ASSET_PATHS = "\"PaybackTest/Preview Content\"";
				DEVELOPMENT_TEAM = 3PJX8UJTF8;
				ENABLE_PREVIEWS = YES;
				GENERATE_INFOPLIST_FILE = YES;
				INFOPLIST_KEY_UIApplicationSceneManifest_Generation = YES;
				INFOPLIST_KEY_UIApplicationSupportsIndirectInputEvents = YES;
				INFOPLIST_KEY_UILaunchScreen_Generation = YES;
				INFOPLIST_KEY_UISupportedInterfaceOrientations_iPad = "UIInterfaceOrientationPortrait UIInterfaceOrientationPortraitUpsideDown UIInterfaceOrientationLandscapeLeft UIInterfaceOrientationLandscapeRight";
				INFOPLIST_KEY_UISupportedInterfaceOrientations_iPhone = "UIInterfaceOrientationPortrait UIInterfaceOrientationLandscapeLeft UIInterfaceOrientationLandscapeRight";
				LD_RUNPATH_SEARCH_PATHS = (
					"$(inherited)",
					"@executable_path/Frameworks",
				);
				MARKETING_VERSION = 1.0;
				PRODUCT_BUNDLE_IDENTIFIER = com.PaybackTest;
				PRODUCT_NAME = "$(TARGET_NAME)";
				SWIFT_EMIT_LOC_STRINGS = YES;
				SWIFT_VERSION = 5.0;
				TARGETED_DEVICE_FAMILY = "1,2";
			};
			name = Release;
		};
		FBD35AE92AE7EA0A004638AE /* Debug */ = {
			isa = XCBuildConfiguration;
			buildSettings = {
				ALWAYS_EMBED_SWIFT_STANDARD_LIBRARIES = YES;
				BUNDLE_LOADER = "$(TEST_HOST)";
				CODE_SIGN_STYLE = Automatic;
				CURRENT_PROJECT_VERSION = 1;
				DEVELOPMENT_TEAM = 3PJX8UJTF8;
				GENERATE_INFOPLIST_FILE = YES;
				IPHONEOS_DEPLOYMENT_TARGET = 17.0;
				MARKETING_VERSION = 1.0;
				PRODUCT_BUNDLE_IDENTIFIER = com.PaybackTestTests;
				PRODUCT_NAME = "$(TARGET_NAME)";
				SWIFT_EMIT_LOC_STRINGS = NO;
				SWIFT_VERSION = 5.0;
				TARGETED_DEVICE_FAMILY = "1,2";
				TEST_HOST = "$(BUILT_PRODUCTS_DIR)/PaybackTest.app/$(BUNDLE_EXECUTABLE_FOLDER_PATH)/PaybackTest";
			};
			name = Debug;
		};
		FBD35AEA2AE7EA0A004638AE /* Release */ = {
			isa = XCBuildConfiguration;
			buildSettings = {
				ALWAYS_EMBED_SWIFT_STANDARD_LIBRARIES = YES;
				BUNDLE_LOADER = "$(TEST_HOST)";
				CODE_SIGN_STYLE = Automatic;
				CURRENT_PROJECT_VERSION = 1;
				DEVELOPMENT_TEAM = 3PJX8UJTF8;
				GENERATE_INFOPLIST_FILE = YES;
				IPHONEOS_DEPLOYMENT_TARGET = 17.0;
				MARKETING_VERSION = 1.0;
				PRODUCT_BUNDLE_IDENTIFIER = com.PaybackTestTests;
				PRODUCT_NAME = "$(TARGET_NAME)";
				SWIFT_EMIT_LOC_STRINGS = NO;
				SWIFT_VERSION = 5.0;
				TARGETED_DEVICE_FAMILY = "1,2";
				TEST_HOST = "$(BUILT_PRODUCTS_DIR)/PaybackTest.app/$(BUNDLE_EXECUTABLE_FOLDER_PATH)/PaybackTest";
			};
			name = Release;
		};
		FBD35AEC2AE7EA0A004638AE /* Debug */ = {
			isa = XCBuildConfiguration;
			buildSettings = {
				ALWAYS_EMBED_SWIFT_STANDARD_LIBRARIES = YES;
				CODE_SIGN_STYLE = Automatic;
				CURRENT_PROJECT_VERSION = 1;
				DEVELOPMENT_TEAM = 3PJX8UJTF8;
				GENERATE_INFOPLIST_FILE = YES;
				MARKETING_VERSION = 1.0;
				PRODUCT_BUNDLE_IDENTIFIER = com.PaybackTestUITests;
				PRODUCT_NAME = "$(TARGET_NAME)";
				SWIFT_EMIT_LOC_STRINGS = NO;
				SWIFT_VERSION = 5.0;
				TARGETED_DEVICE_FAMILY = "1,2";
				TEST_TARGET_NAME = PaybackTest;
			};
			name = Debug;
		};
		FBD35AED2AE7EA0A004638AE /* Release */ = {
			isa = XCBuildConfiguration;
			buildSettings = {
				ALWAYS_EMBED_SWIFT_STANDARD_LIBRARIES = YES;
				CODE_SIGN_STYLE = Automatic;
				CURRENT_PROJECT_VERSION = 1;
				DEVELOPMENT_TEAM = 3PJX8UJTF8;
				GENERATE_INFOPLIST_FILE = YES;
				MARKETING_VERSION = 1.0;
				PRODUCT_BUNDLE_IDENTIFIER = com.PaybackTestUITests;
				PRODUCT_NAME = "$(TARGET_NAME)";
				SWIFT_EMIT_LOC_STRINGS = NO;
				SWIFT_VERSION = 5.0;
				TARGETED_DEVICE_FAMILY = "1,2";
				TEST_TARGET_NAME = PaybackTest;
			};
			name = Release;
		};
/* End XCBuildConfiguration section */

/* Begin XCConfigurationList section */
		FBD35ABC2AE7EA09004638AE /* Build configuration list for PBXProject "PaybackTest" */ = {
			isa = XCConfigurationList;
			buildConfigurations = (
				FBD35AE32AE7EA0A004638AE /* Debug */,
				FBD35AE42AE7EA0A004638AE /* Release */,
			);
			defaultConfigurationIsVisible = 0;
			defaultConfigurationName = Release;
		};
		FBD35AE52AE7EA0A004638AE /* Build configuration list for PBXNativeTarget "PaybackTest" */ = {
			isa = XCConfigurationList;
			buildConfigurations = (
				FBD35AE62AE7EA0A004638AE /* Debug */,
				FBD35AE72AE7EA0A004638AE /* Release */,
			);
			defaultConfigurationIsVisible = 0;
			defaultConfigurationName = Release;
		};
		FBD35AE82AE7EA0A004638AE /* Build configuration list for PBXNativeTarget "PaybackTestTests" */ = {
			isa = XCConfigurationList;
			buildConfigurations = (
				FBD35AE92AE7EA0A004638AE /* Debug */,
				FBD35AEA2AE7EA0A004638AE /* Release */,
			);
			defaultConfigurationIsVisible = 0;
			defaultConfigurationName = Release;
		};
		FBD35AEB2AE7EA0A004638AE /* Build configuration list for PBXNativeTarget "PaybackTestUITests" */ = {
			isa = XCConfigurationList;
			buildConfigurations = (
				FBD35AEC2AE7EA0A004638AE /* Debug */,
				FBD35AED2AE7EA0A004638AE /* Release */,
			);
			defaultConfigurationIsVisible = 0;
			defaultConfigurationName = Release;
		};
/* End XCConfigurationList section */

/* Begin XCRemoteSwiftPackageReference section */
		FBD35AEE2AE7EC62004638AE /* XCRemoteSwiftPackageReference "swift-composable-architecture" */ = {
			isa = XCRemoteSwiftPackageReference;
			repositoryURL = "https://github.com/pointfreeco/swift-composable-architecture";
			requirement = {
				kind = upToNextMajorVersion;
				minimumVersion = 1.2.0;
			};
		};
/* End XCRemoteSwiftPackageReference section */

/* Begin XCSwiftPackageProductDependency section */
		FBD35AEF2AE7EC62004638AE /* ComposableArchitecture */ = {
			isa = XCSwiftPackageProductDependency;
			package = FBD35AEE2AE7EC62004638AE /* XCRemoteSwiftPackageReference "swift-composable-architecture" */;
			productName = ComposableArchitecture;
		};
/* End XCSwiftPackageProductDependency section */
	};
	rootObject = FBD35AB92AE7EA09004638AE /* Project object */;
}
